# THIS IS AN AUTOGENERATED FILE. DO NOT EDIT THIS FILE DIRECTLY.
# yarn lockfile v1


md5-node@^1.0.1:
  version "1.0.1"
  resolved "https://registry.yarnpkg.com/md5-node/-/md5-node-1.0.1.tgz#0e22d009d46bdc95b1d3c5e8c8feddc1a5c3aa88"

silly-datetime@^0.1.2:
  version "0.1.2"
  resolved "https://registry.yarnpkg.com/silly-datetime/-/silly-datetime-0.1.2.tgz#21978e8e8d8481616063ac112ff14693f06eb85b"
