# THIS IS AN AUTOGENERATED FILE. DO NOT EDIT THIS FILE DIRECTLY.
# yarn lockfile v1


node-md5@^0.0.1:
  version "0.0.1"
  resolved "https://registry.yarnpkg.com/node-md5/-/node-md5-0.0.1.tgz#78571b7f95d4ff8d15c8c4c8d23dfacee29e9c31"

silly-datetime@^0.1.2:
  version "0.1.2"
  resolved "https://registry.yarnpkg.com/silly-datetime/-/silly-datetime-0.1.2.tgz#21978e8e8d8481616063ac112ff14693f06eb85b"
